{
    "_meta": {
        "hash": {
            "sha256": "a2d8449e40266fc1a61076579765a5ef2cef66b8f0344694da6addb9fd2a73ea"
        },
        "pipfile-spec": 6,
        "requires": {
            "python_version": "3.9"
        },
        "sources": [
            {
                "name": "pypi",
                "url": "https://pypi.org/simple",
                "verify_ssl": true
            }
        ]
    },
    "default": {
        "sastrawi": {
            "hashes": [
                "sha256:62badb523e6e273f92eb6d53f5f3d4c0aa9ffcf1ceba69ab3dba5b7a0da02c56",
                "sha256:ac3d1f442ae8f33fd0f59387eb33a1a5121241f028c318c60820f26bd032d93b"
            ],
            "index": "pypi",
            "version": "==1.0.1"
        }
    },
    "develop": {}
}
